
Microsoft Visual Studio Solution File, Format Version 12.00
# Visual Studio 15
Project("{FAE04EC0-301F-11D3-BF4B-00C04F79EFBC}") = "Assembly-CSharp", "Assembly-CSharp.csproj", "{37B6D765-A302-A8AD-DF2D-98C87EBC6BBE}"
EndProject
Project("{FAE04EC0-301F-11D3-BF4B-00C04F79EFBC}") = "Assembly-CSharp-Editor", "Assembly-CSharp-Editor.csproj", "{A832A404-1520-BAA8-D093-0D99A3449140}"
EndProject
Global
	GlobalSection(SolutionConfigurationPlatforms) = preSolution
		Debug|Any CPU = Debug|Any CPU
		Release|Any CPU = Release|Any CPU
	EndGlobalSection
	GlobalSection(ProjectConfigurationPlatforms) = postSolution
		{37B6D765-A302-A8AD-DF2D-98C87EBC6BBE}.Debug|Any CPU.ActiveCfg = Debug|Any CPU
		{37B6D765-A302-A8AD-DF2D-98C87EBC6BBE}.Debug|Any CPU.Build.0 = Debug|Any CPU
		{37B6D765-A302-A8AD-DF2D-98C87EBC6BBE}.Release|Any CPU.ActiveCfg = Release|Any CPU
		{37B6D765-A302-A8AD-DF2D-98C87EBC6BBE}.Release|Any CPU.Build.0 = Release|Any CPU
		{A832A404-1520-BAA8-D093-0D99A3449140}.Debug|Any CPU.ActiveCfg = Debug|Any CPU
		{A832A404-1520-BAA8-D093-0D99A3449140}.Debug|Any CPU.Build.0 = Debug|Any CPU
		{A832A404-1520-BAA8-D093-0D99A3449140}.Release|Any CPU.ActiveCfg = Release|Any CPU
		{A832A404-1520-BAA8-D093-0D99A3449140}.Release|Any CPU.Build.0 = Release|Any CPU
	EndGlobalSection
	GlobalSection(SolutionProperties) = preSolution
		HideSolutionNode = FALSE
	EndGlobalSection
EndGlobal
